// !$*UTF8*$!
{
	archiveVersion = 1;
	classes = {
	};
	objectVersion = 56;
	objects = {

/* Begin PBXBuildFile section */
		280651D22AEAE85100635A2D /* FeedLoaderWithFallbackComposite.swift in Sources */ = {isa = PBXBuildFile; fileRef = 280651D12AEAE85100635A2D /* FeedLoaderWithFallbackComposite.swift */; };
		280651E32AEAEAF700635A2D /* FeedLoaderWithFallbackCompositeTests.swift in Sources */ = {isa = PBXBuildFile; fileRef = 280651E22AEAEAF700635A2D /* FeedLoaderWithFallbackCompositeTests.swift */; };
		2882DBD82AEAC22600325932 /* AppDelegate.swift in Sources */ = {isa = PBXBuildFile; fileRef = 2882DBD72AEAC22600325932 /* AppDelegate.swift */; };
		2882DBDA2AEAC22600325932 /* SceneDelegate.swift in Sources */ = {isa = PBXBuildFile; fileRef = 2882DBD92AEAC22600325932 /* SceneDelegate.swift */; };
		2882DBDC2AEAC22600325932 /* ViewController.swift in Sources */ = {isa = PBXBuildFile; fileRef = 2882DBDB2AEAC22600325932 /* ViewController.swift */; };
		2882DBDF2AEAC22600325932 /* Main.storyboard in Resources */ = {isa = PBXBuildFile; fileRef = 2882DBDD2AEAC22600325932 /* Main.storyboard */; };
		2882DBE12AEAC22700325932 /* Assets.xcassets in Resources */ = {isa = PBXBuildFile; fileRef = 2882DBE02AEAC22700325932 /* Assets.xcassets */; };
		2882DBE42AEAC22700325932 /* LaunchScreen.storyboard in Resources */ = {isa = PBXBuildFile; fileRef = 2882DBE22AEAC22700325932 /* LaunchScreen.storyboard */; };
		2882DBED2AEAC68700325932 /* EssentialFeed.framework in Frameworks */ = {isa = PBXBuildFile; fileRef = 2882DBEC2AEAC68700325932 /* EssentialFeed.framework */; };
		2882DBEE2AEAC68700325932 /* EssentialFeed.framework in Embed Frameworks */ = {isa = PBXBuildFile; fileRef = 2882DBEC2AEAC68700325932 /* EssentialFeed.framework */; settings = {ATTRIBUTES = (CodeSignOnCopy, RemoveHeadersOnCopy, ); }; };
		2882DBF12AEAC68D00325932 /* EssentialFeediOS.framework in Frameworks */ = {isa = PBXBuildFile; fileRef = 2882DBF02AEAC68D00325932 /* EssentialFeediOS.framework */; };
		2882DBF22AEAC68D00325932 /* EssentialFeediOS.framework in Embed Frameworks */ = {isa = PBXBuildFile; fileRef = 2882DBF02AEAC68D00325932 /* EssentialFeediOS.framework */; settings = {ATTRIBUTES = (CodeSignOnCopy, RemoveHeadersOnCopy, ); }; };
		28B46C502AEAECC300D31BEE /* FeedImageDataLoaderWithFallbackCompositeTests.swift in Sources */ = {isa = PBXBuildFile; fileRef = 28B46C4F2AEAECC300D31BEE /* FeedImageDataLoaderWithFallbackCompositeTests.swift */; };
		28B46C532AEAEFD100D31BEE /* SharedFuncHelpers.swift in Sources */ = {isa = PBXBuildFile; fileRef = 28B46C522AEAEFD100D31BEE /* SharedFuncHelpers.swift */; };
		28B46C552AEAF8B900D31BEE /* XCTest+trackingForMemoryLeaks.swift in Sources */ = {isa = PBXBuildFile; fileRef = 28B46C542AEAF8B900D31BEE /* XCTest+trackingForMemoryLeaks.swift */; };
		28B46C572AEB08EB00D31BEE /* FeedImageDataLoaderWithFallbackComposite.swift in Sources */ = {isa = PBXBuildFile; fileRef = 28B46C562AEB08EB00D31BEE /* FeedImageDataLoaderWithFallbackComposite.swift */; };
		28B46C592AEBE30900D31BEE /* FeedLoaderCacheDecoratorTests.swift in Sources */ = {isa = PBXBuildFile; fileRef = 28B46C582AEBE30900D31BEE /* FeedLoaderCacheDecoratorTests.swift */; };
		28B46C5D2AEBE46000D31BEE /* FeedLoaderStub.swift in Sources */ = {isa = PBXBuildFile; fileRef = 28B46C5C2AEBE46000D31BEE /* FeedLoaderStub.swift */; };
		28B46C612AEBE87700D31BEE /* XCTestCase+FeedLoader.swift in Sources */ = {isa = PBXBuildFile; fileRef = 28B46C602AEBE87700D31BEE /* XCTestCase+FeedLoader.swift */; };
		28B46C652AEBF60800D31BEE /* FeedLoaderCacheDecorator.swift in Sources */ = {isa = PBXBuildFile; fileRef = 28B46C642AEBF60800D31BEE /* FeedLoaderCacheDecorator.swift */; };
		28B46C682AEBF85100D31BEE /* FeedImageDataLoaderCacheDecoratorTests.swift in Sources */ = {isa = PBXBuildFile; fileRef = 28B46C672AEBF85100D31BEE /* FeedImageDataLoaderCacheDecoratorTests.swift */; };
/* End PBXBuildFile section */

/* Begin PBXContainerItemProxy section */
		280651DB2AEAEA3700635A2D /* PBXContainerItemProxy */ = {
			isa = PBXContainerItemProxy;
			containerPortal = 2882DBCC2AEAC22500325932 /* Project object */;
			proxyType = 1;
			remoteGlobalIDString = 2882DBD32AEAC22600325932;
			remoteInfo = EssentialApp;
		};
/* End PBXContainerItemProxy section */

/* Begin PBXCopyFilesBuildPhase section */
		2882DBEF2AEAC68700325932 /* Embed Frameworks */ = {
			isa = PBXCopyFilesBuildPhase;
			buildActionMask = 2147483647;
			dstPath = "";
			dstSubfolderSpec = 10;
			files = (
				2882DBEE2AEAC68700325932 /* EssentialFeed.framework in Embed Frameworks */,
				2882DBF22AEAC68D00325932 /* EssentialFeediOS.framework in Embed Frameworks */,
			);
			name = "Embed Frameworks";
			runOnlyForDeploymentPostprocessing = 0;
		};
/* End PBXCopyFilesBuildPhase section */

/* Begin PBXFileReference section */
		280651D12AEAE85100635A2D /* FeedLoaderWithFallbackComposite.swift */ = {isa = PBXFileReference; lastKnownFileType = sourcecode.swift; path = FeedLoaderWithFallbackComposite.swift; sourceTree = "<group>"; };
		280651D72AEAEA3700635A2D /* EssentialAppTests.xctest */ = {isa = PBXFileReference; explicitFileType = wrapper.cfbundle; includeInIndex = 0; path = EssentialAppTests.xctest; sourceTree = BUILT_PRODUCTS_DIR; };
		280651E12AEAEA7700635A2D /* EssentialApp.xctestplan */ = {isa = PBXFileReference; lastKnownFileType = text; path = EssentialApp.xctestplan; sourceTree = SOURCE_ROOT; };
		280651E22AEAEAF700635A2D /* FeedLoaderWithFallbackCompositeTests.swift */ = {isa = PBXFileReference; lastKnownFileType = sourcecode.swift; path = FeedLoaderWithFallbackCompositeTests.swift; sourceTree = "<group>"; };
		2882DBD42AEAC22600325932 /* EssentialApp.app */ = {isa = PBXFileReference; explicitFileType = wrapper.application; includeInIndex = 0; path = EssentialApp.app; sourceTree = BUILT_PRODUCTS_DIR; };
		2882DBD72AEAC22600325932 /* AppDelegate.swift */ = {isa = PBXFileReference; lastKnownFileType = sourcecode.swift; path = AppDelegate.swift; sourceTree = "<group>"; };
		2882DBD92AEAC22600325932 /* SceneDelegate.swift */ = {isa = PBXFileReference; lastKnownFileType = sourcecode.swift; path = SceneDelegate.swift; sourceTree = "<group>"; };
		2882DBDB2AEAC22600325932 /* ViewController.swift */ = {isa = PBXFileReference; lastKnownFileType = sourcecode.swift; path = ViewController.swift; sourceTree = "<group>"; };
		2882DBDE2AEAC22600325932 /* Base */ = {isa = PBXFileReference; lastKnownFileType = file.storyboard; name = Base; path = Base.lproj/Main.storyboard; sourceTree = "<group>"; };
		2882DBE02AEAC22700325932 /* Assets.xcassets */ = {isa = PBXFileReference; lastKnownFileType = folder.assetcatalog; path = Assets.xcassets; sourceTree = "<group>"; };
		2882DBE32AEAC22700325932 /* Base */ = {isa = PBXFileReference; lastKnownFileType = file.storyboard; name = Base; path = Base.lproj/LaunchScreen.storyboard; sourceTree = "<group>"; };
		2882DBE52AEAC22700325932 /* Info.plist */ = {isa = PBXFileReference; lastKnownFileType = text.plist.xml; path = Info.plist; sourceTree = "<group>"; };
		2882DBEC2AEAC68700325932 /* EssentialFeed.framework */ = {isa = PBXFileReference; explicitFileType = wrapper.framework; path = EssentialFeed.framework; sourceTree = BUILT_PRODUCTS_DIR; };
		2882DBF02AEAC68D00325932 /* EssentialFeediOS.framework */ = {isa = PBXFileReference; explicitFileType = wrapper.framework; path = EssentialFeediOS.framework; sourceTree = BUILT_PRODUCTS_DIR; };
		28B46C4F2AEAECC300D31BEE /* FeedImageDataLoaderWithFallbackCompositeTests.swift */ = {isa = PBXFileReference; lastKnownFileType = sourcecode.swift; path = FeedImageDataLoaderWithFallbackCompositeTests.swift; sourceTree = "<group>"; };
		28B46C522AEAEFD100D31BEE /* SharedFuncHelpers.swift */ = {isa = PBXFileReference; lastKnownFileType = sourcecode.swift; path = SharedFuncHelpers.swift; sourceTree = "<group>"; };
		28B46C542AEAF8B900D31BEE /* XCTest+trackingForMemoryLeaks.swift */ = {isa = PBXFileReference; lastKnownFileType = sourcecode.swift; path = "XCTest+trackingForMemoryLeaks.swift"; sourceTree = "<group>"; };
		28B46C562AEB08EB00D31BEE /* FeedImageDataLoaderWithFallbackComposite.swift */ = {isa = PBXFileReference; lastKnownFileType = sourcecode.swift; path = FeedImageDataLoaderWithFallbackComposite.swift; sourceTree = "<group>"; };
		28B46C582AEBE30900D31BEE /* FeedLoaderCacheDecoratorTests.swift */ = {isa = PBXFileReference; lastKnownFileType = sourcecode.swift; path = FeedLoaderCacheDecoratorTests.swift; sourceTree = "<group>"; };
		28B46C5C2AEBE46000D31BEE /* FeedLoaderStub.swift */ = {isa = PBXFileReference; lastKnownFileType = sourcecode.swift; path = FeedLoaderStub.swift; sourceTree = "<group>"; };
		28B46C602AEBE87700D31BEE /* XCTestCase+FeedLoader.swift */ = {isa = PBXFileReference; lastKnownFileType = sourcecode.swift; path = "XCTestCase+FeedLoader.swift"; sourceTree = "<group>"; };
		28B46C642AEBF60800D31BEE /* FeedLoaderCacheDecorator.swift */ = {isa = PBXFileReference; lastKnownFileType = sourcecode.swift; path = FeedLoaderCacheDecorator.swift; sourceTree = "<group>"; };
		28B46C672AEBF85100D31BEE /* FeedImageDataLoaderCacheDecoratorTests.swift */ = {isa = PBXFileReference; lastKnownFileType = sourcecode.swift; path = FeedImageDataLoaderCacheDecoratorTests.swift; sourceTree = "<group>"; };
/* End PBXFileReference section */

/* Begin PBXFrameworksBuildPhase section */
		280651D42AEAEA3700635A2D /* Frameworks */ = {
			isa = PBXFrameworksBuildPhase;
			buildActionMask = 2147483647;
			files = (
			);
			runOnlyForDeploymentPostprocessing = 0;
		};
		2882DBD12AEAC22600325932 /* Frameworks */ = {
			isa = PBXFrameworksBuildPhase;
			buildActionMask = 2147483647;
			files = (
				2882DBED2AEAC68700325932 /* EssentialFeed.framework in Frameworks */,
				2882DBF12AEAC68D00325932 /* EssentialFeediOS.framework in Frameworks */,
			);
			runOnlyForDeploymentPostprocessing = 0;
		};
/* End PBXFrameworksBuildPhase section */

/* Begin PBXGroup section */
		280651D82AEAEA3700635A2D /* EssentialAppTests */ = {
			isa = PBXGroup;
			children = (
				28B46C512AEAEFB200D31BEE /* Helpers */,
				28B46C672AEBF85100D31BEE /* FeedImageDataLoaderCacheDecoratorTests.swift */,
				28B46C4F2AEAECC300D31BEE /* FeedImageDataLoaderWithFallbackCompositeTests.swift */,
				28B46C582AEBE30900D31BEE /* FeedLoaderCacheDecoratorTests.swift */,
				280651E22AEAEAF700635A2D /* FeedLoaderWithFallbackCompositeTests.swift */,
				280651E12AEAEA7700635A2D /* EssentialApp.xctestplan */,
			);
			path = EssentialAppTests;
			sourceTree = "<group>";
		};
		2882DBCB2AEAC22500325932 = {
			isa = PBXGroup;
			children = (
				2882DBD62AEAC22600325932 /* EssentialApp */,
				280651D82AEAEA3700635A2D /* EssentialAppTests */,
				2882DBD52AEAC22600325932 /* Products */,
				2882DBEB2AEAC68700325932 /* Frameworks */,
			);
			sourceTree = "<group>";
		};
		2882DBD52AEAC22600325932 /* Products */ = {
			isa = PBXGroup;
			children = (
				2882DBD42AEAC22600325932 /* EssentialApp.app */,
				280651D72AEAEA3700635A2D /* EssentialAppTests.xctest */,
			);
			name = Products;
			sourceTree = "<group>";
		};
		2882DBD62AEAC22600325932 /* EssentialApp */ = {
			isa = PBXGroup;
			children = (
				28B46C562AEB08EB00D31BEE /* FeedImageDataLoaderWithFallbackComposite.swift */,
				280651D12AEAE85100635A2D /* FeedLoaderWithFallbackComposite.swift */,
				2882DBD72AEAC22600325932 /* AppDelegate.swift */,
				2882DBD92AEAC22600325932 /* SceneDelegate.swift */,
				2882DBDB2AEAC22600325932 /* ViewController.swift */,
				2882DBDD2AEAC22600325932 /* Main.storyboard */,
				2882DBE02AEAC22700325932 /* Assets.xcassets */,
				2882DBE22AEAC22700325932 /* LaunchScreen.storyboard */,
				2882DBE52AEAC22700325932 /* Info.plist */,
				28B46C642AEBF60800D31BEE /* FeedLoaderCacheDecorator.swift */,
			);
			path = EssentialApp;
			sourceTree = "<group>";
		};
		2882DBEB2AEAC68700325932 /* Frameworks */ = {
			isa = PBXGroup;
			children = (
				2882DBF02AEAC68D00325932 /* EssentialFeediOS.framework */,
				2882DBEC2AEAC68700325932 /* EssentialFeed.framework */,
			);
			name = Frameworks;
			sourceTree = "<group>";
		};
		28B46C512AEAEFB200D31BEE /* Helpers */ = {
			isa = PBXGroup;
			children = (
				28B46C5C2AEBE46000D31BEE /* FeedLoaderStub.swift */,
				28B46C522AEAEFD100D31BEE /* SharedFuncHelpers.swift */,
				28B46C542AEAF8B900D31BEE /* XCTest+trackingForMemoryLeaks.swift */,
				28B46C602AEBE87700D31BEE /* XCTestCase+FeedLoader.swift */,
			);
			path = Helpers;
			sourceTree = "<group>";
		};
/* End PBXGroup section */

/* Begin PBXNativeTarget section */
		280651D62AEAEA3700635A2D /* EssentialAppTests */ = {
			isa = PBXNativeTarget;
			buildConfigurationList = 280651DD2AEAEA3700635A2D /* Build configuration list for PBXNativeTarget "EssentialAppTests" */;
			buildPhases = (
				280651D32AEAEA3700635A2D /* Sources */,
				280651D42AEAEA3700635A2D /* Frameworks */,
				280651D52AEAEA3700635A2D /* Resources */,
			);
			buildRules = (
			);
			dependencies = (
				280651DC2AEAEA3700635A2D /* PBXTargetDependency */,
			);
			name = EssentialAppTests;
			productName = EssentialAppTests;
			productReference = 280651D72AEAEA3700635A2D /* EssentialAppTests.xctest */;
			productType = "com.apple.product-type.bundle.unit-test";
		};
		2882DBD32AEAC22600325932 /* EssentialApp */ = {
			isa = PBXNativeTarget;
			buildConfigurationList = 2882DBE82AEAC22700325932 /* Build configuration list for PBXNativeTarget "EssentialApp" */;
			buildPhases = (
				2882DBD02AEAC22600325932 /* Sources */,
				2882DBD12AEAC22600325932 /* Frameworks */,
				2882DBD22AEAC22600325932 /* Resources */,
				2882DBEF2AEAC68700325932 /* Embed Frameworks */,
			);
			buildRules = (
			);
			dependencies = (
			);
			name = EssentialApp;
			productName = EssentialApp;
			productReference = 2882DBD42AEAC22600325932 /* EssentialApp.app */;
			productType = "com.apple.product-type.application";
		};
/* End PBXNativeTarget section */

/* Begin PBXProject section */
		2882DBCC2AEAC22500325932 /* Project object */ = {
			isa = PBXProject;
			attributes = {
				BuildIndependentTargetsInParallel = 1;
				LastSwiftUpdateCheck = 1500;
				LastUpgradeCheck = 1500;
				TargetAttributes = {
					280651D62AEAEA3700635A2D = {
						CreatedOnToolsVersion = 15.0.1;
						TestTargetID = 2882DBD32AEAC22600325932;
					};
					2882DBD32AEAC22600325932 = {
						CreatedOnToolsVersion = 15.0.1;
					};
				};
			};
			buildConfigurationList = 2882DBCF2AEAC22500325932 /* Build configuration list for PBXProject "EssentialApp" */;
			compatibilityVersion = "Xcode 14.0";
			developmentRegion = en;
			hasScannedForEncodings = 0;
			knownRegions = (
				en,
				Base,
			);
			mainGroup = 2882DBCB2AEAC22500325932;
			productRefGroup = 2882DBD52AEAC22600325932 /* Products */;
			projectDirPath = "";
			projectRoot = "";
			targets = (
				2882DBD32AEAC22600325932 /* EssentialApp */,
				280651D62AEAEA3700635A2D /* EssentialAppTests */,
			);
		};
/* End PBXProject section */

/* Begin PBXResourcesBuildPhase section */
		280651D52AEAEA3700635A2D /* Resources */ = {
			isa = PBXResourcesBuildPhase;
			buildActionMask = 2147483647;
			files = (
			);
			runOnlyForDeploymentPostprocessing = 0;
		};
		2882DBD22AEAC22600325932 /* Resources */ = {
			isa = PBXResourcesBuildPhase;
			buildActionMask = 2147483647;
			files = (
				2882DBE42AEAC22700325932 /* LaunchScreen.storyboard in Resources */,
				2882DBE12AEAC22700325932 /* Assets.xcassets in Resources */,
				2882DBDF2AEAC22600325932 /* Main.storyboard in Resources */,
			);
			runOnlyForDeploymentPostprocessing = 0;
		};
/* End PBXResourcesBuildPhase section */

/* Begin PBXSourcesBuildPhase section */
		280651D32AEAEA3700635A2D /* Sources */ = {
			isa = PBXSourcesBuildPhase;
			buildActionMask = 2147483647;
			files = (
				28B46C5D2AEBE46000D31BEE /* FeedLoaderStub.swift in Sources */,
				28B46C682AEBF85100D31BEE /* FeedImageDataLoaderCacheDecoratorTests.swift in Sources */,
				28B46C612AEBE87700D31BEE /* XCTestCase+FeedLoader.swift in Sources */,
				28B46C502AEAECC300D31BEE /* FeedImageDataLoaderWithFallbackCompositeTests.swift in Sources */,
				28B46C592AEBE30900D31BEE /* FeedLoaderCacheDecoratorTests.swift in Sources */,
				28B46C532AEAEFD100D31BEE /* SharedFuncHelpers.swift in Sources */,
				280651E32AEAEAF700635A2D /* FeedLoaderWithFallbackCompositeTests.swift in Sources */,
				28B46C552AEAF8B900D31BEE /* XCTest+trackingForMemoryLeaks.swift in Sources */,
			);
			runOnlyForDeploymentPostprocessing = 0;
		};
		2882DBD02AEAC22600325932 /* Sources */ = {
			isa = PBXSourcesBuildPhase;
			buildActionMask = 2147483647;
			files = (
				2882DBDC2AEAC22600325932 /* ViewController.swift in Sources */,
				2882DBD82AEAC22600325932 /* AppDelegate.swift in Sources */,
				280651D22AEAE85100635A2D /* FeedLoaderWithFallbackComposite.swift in Sources */,
				28B46C652AEBF60800D31BEE /* FeedLoaderCacheDecorator.swift in Sources */,
				2882DBDA2AEAC22600325932 /* SceneDelegate.swift in Sources */,
				28B46C572AEB08EB00D31BEE /* FeedImageDataLoaderWithFallbackComposite.swift in Sources */,
			);
			runOnlyForDeploymentPostprocessing = 0;
		};
/* End PBXSourcesBuildPhase section */

/* Begin PBXTargetDependency section */
		280651DC2AEAEA3700635A2D /* PBXTargetDependency */ = {
			isa = PBXTargetDependency;
			target = 2882DBD32AEAC22600325932 /* EssentialApp */;
			targetProxy = 280651DB2AEAEA3700635A2D /* PBXContainerItemProxy */;
		};
/* End PBXTargetDependency section */

/* Begin PBXVariantGroup section */
		2882DBDD2AEAC22600325932 /* Main.storyboard */ = {
			isa = PBXVariantGroup;
			children = (
				2882DBDE2AEAC22600325932 /* Base */,
			);
			name = Main.storyboard;
			sourceTree = "<group>";
		};
		2882DBE22AEAC22700325932 /* LaunchScreen.storyboard */ = {
			isa = PBXVariantGroup;
			children = (
				2882DBE32AEAC22700325932 /* Base */,
			);
			name = LaunchScreen.storyboard;
			sourceTree = "<group>";
		};
/* End PBXVariantGroup section */

/* Begin XCBuildConfiguration section */
		280651DE2AEAEA3700635A2D /* Debug */ = {
			isa = XCBuildConfiguration;
			buildSettings = {
				BUNDLE_LOADER = "$(TEST_HOST)";
				CODE_SIGN_STYLE = Automatic;
				CURRENT_PROJECT_VERSION = 1;
				DEVELOPMENT_TEAM = 9MUNMT98RZ;
				GENERATE_INFOPLIST_FILE = YES;
				MARKETING_VERSION = 1.0;
				PRODUCT_BUNDLE_IDENTIFIER = herrero.EssentialAppTests;
				PRODUCT_NAME = "$(TARGET_NAME)";
				SWIFT_EMIT_LOC_STRINGS = NO;
				SWIFT_VERSION = 5.0;
				TARGETED_DEVICE_FAMILY = "1,2";
				TEST_HOST = "$(BUILT_PRODUCTS_DIR)/EssentialApp.app/$(BUNDLE_EXECUTABLE_FOLDER_PATH)/EssentialApp";
			};
			name = Debug;
		};
		280651DF2AEAEA3700635A2D /* Release */ = {
			isa = XCBuildConfiguration;
			buildSettings = {
				BUNDLE_LOADER = "$(TEST_HOST)";
				CODE_SIGN_STYLE = Automatic;
				CURRENT_PROJECT_VERSION = 1;
				DEVELOPMENT_TEAM = 9MUNMT98RZ;
				GENERATE_INFOPLIST_FILE = YES;
				MARKETING_VERSION = 1.0;
				PRODUCT_BUNDLE_IDENTIFIER = herrero.EssentialAppTests;
				PRODUCT_NAME = "$(TARGET_NAME)";
				SWIFT_EMIT_LOC_STRINGS = NO;
				SWIFT_VERSION = 5.0;
				TARGETED_DEVICE_FAMILY = "1,2";
				TEST_HOST = "$(BUILT_PRODUCTS_DIR)/EssentialApp.app/$(BUNDLE_EXECUTABLE_FOLDER_PATH)/EssentialApp";
			};
			name = Release;
		};
		2882DBE62AEAC22700325932 /* Debug */ = {
			isa = XCBuildConfiguration;
			buildSettings = {
				ALWAYS_SEARCH_USER_PATHS = NO;
				ASSETCATALOG_COMPILER_GENERATE_SWIFT_ASSET_SYMBOL_EXTENSIONS = YES;
				CLANG_ANALYZER_NONNULL = YES;
				CLANG_ANALYZER_NUMBER_OBJECT_CONVERSION = YES_AGGRESSIVE;
				CLANG_CXX_LANGUAGE_STANDARD = "gnu++20";
				CLANG_ENABLE_MODULES = YES;
				CLANG_ENABLE_OBJC_ARC = YES;
				CLANG_ENABLE_OBJC_WEAK = YES;
				CLANG_WARN_BLOCK_CAPTURE_AUTORELEASING = YES;
				CLANG_WARN_BOOL_CONVERSION = YES;
				CLANG_WARN_COMMA = YES;
				CLANG_WARN_CONSTANT_CONVERSION = YES;
				CLANG_WARN_DEPRECATED_OBJC_IMPLEMENTATIONS = YES;
				CLANG_WARN_DIRECT_OBJC_ISA_USAGE = YES_ERROR;
				CLANG_WARN_DOCUMENTATION_COMMENTS = YES;
				CLANG_WARN_EMPTY_BODY = YES;
				CLANG_WARN_ENUM_CONVERSION = YES;
				CLANG_WARN_INFINITE_RECURSION = YES;
				CLANG_WARN_INT_CONVERSION = YES;
				CLANG_WARN_NON_LITERAL_NULL_CONVERSION = YES;
				CLANG_WARN_OBJC_IMPLICIT_RETAIN_SELF = YES;
				CLANG_WARN_OBJC_LITERAL_CONVERSION = YES;
				CLANG_WARN_OBJC_ROOT_CLASS = YES_ERROR;
				CLANG_WARN_QUOTED_INCLUDE_IN_FRAMEWORK_HEADER = YES;
				CLANG_WARN_RANGE_LOOP_ANALYSIS = YES;
				CLANG_WARN_STRICT_PROTOTYPES = YES;
				CLANG_WARN_SUSPICIOUS_MOVE = YES;
				CLANG_WARN_UNGUARDED_AVAILABILITY = YES_AGGRESSIVE;
				CLANG_WARN_UNREACHABLE_CODE = YES;
				CLANG_WARN__DUPLICATE_METHOD_MATCH = YES;
				COPY_PHASE_STRIP = NO;
				DEBUG_INFORMATION_FORMAT = dwarf;
				ENABLE_STRICT_OBJC_MSGSEND = YES;
				ENABLE_TESTABILITY = YES;
				ENABLE_USER_SCRIPT_SANDBOXING = YES;
				GCC_C_LANGUAGE_STANDARD = gnu17;
				GCC_DYNAMIC_NO_PIC = NO;
				GCC_NO_COMMON_BLOCKS = YES;
				GCC_OPTIMIZATION_LEVEL = 0;
				GCC_PREPROCESSOR_DEFINITIONS = (
					"DEBUG=1",
					"$(inherited)",
				);
				GCC_WARN_64_TO_32_BIT_CONVERSION = YES;
				GCC_WARN_ABOUT_RETURN_TYPE = YES_ERROR;
				GCC_WARN_UNDECLARED_SELECTOR = YES;
				GCC_WARN_UNINITIALIZED_AUTOS = YES_AGGRESSIVE;
				GCC_WARN_UNUSED_FUNCTION = YES;
				GCC_WARN_UNUSED_VARIABLE = YES;
				IPHONEOS_DEPLOYMENT_TARGET = 17.0;
				LOCALIZATION_PREFERS_STRING_CATALOGS = YES;
				MTL_ENABLE_DEBUG_INFO = INCLUDE_SOURCE;
				MTL_FAST_MATH = YES;
				ONLY_ACTIVE_ARCH = YES;
				SDKROOT = iphoneos;
				SWIFT_ACTIVE_COMPILATION_CONDITIONS = "DEBUG $(inherited)";
				SWIFT_OPTIMIZATION_LEVEL = "-Onone";
			};
			name = Debug;
		};
		2882DBE72AEAC22700325932 /* Release */ = {
			isa = XCBuildConfiguration;
			buildSettings = {
				ALWAYS_SEARCH_USER_PATHS = NO;
				ASSETCATALOG_COMPILER_GENERATE_SWIFT_ASSET_SYMBOL_EXTENSIONS = YES;
				CLANG_ANALYZER_NONNULL = YES;
				CLANG_ANALYZER_NUMBER_OBJECT_CONVERSION = YES_AGGRESSIVE;
				CLANG_CXX_LANGUAGE_STANDARD = "gnu++20";
				CLANG_ENABLE_MODULES = YES;
				CLANG_ENABLE_OBJC_ARC = YES;
				CLANG_ENABLE_OBJC_WEAK = YES;
				CLANG_WARN_BLOCK_CAPTURE_AUTORELEASING = YES;
				CLANG_WARN_BOOL_CONVERSION = YES;
				CLANG_WARN_COMMA = YES;
				CLANG_WARN_CONSTANT_CONVERSION = YES;
				CLANG_WARN_DEPRECATED_OBJC_IMPLEMENTATIONS = YES;
				CLANG_WARN_DIRECT_OBJC_ISA_USAGE = YES_ERROR;
				CLANG_WARN_DOCUMENTATION_COMMENTS = YES;
				CLANG_WARN_EMPTY_BODY = YES;
				CLANG_WARN_ENUM_CONVERSION = YES;
				CLANG_WARN_INFINITE_RECURSION = YES;
				CLANG_WARN_INT_CONVERSION = YES;
				CLANG_WARN_NON_LITERAL_NULL_CONVERSION = YES;
				CLANG_WARN_OBJC_IMPLICIT_RETAIN_SELF = YES;
				CLANG_WARN_OBJC_LITERAL_CONVERSION = YES;
				CLANG_WARN_OBJC_ROOT_CLASS = YES_ERROR;
				CLANG_WARN_QUOTED_INCLUDE_IN_FRAMEWORK_HEADER = YES;
				CLANG_WARN_RANGE_LOOP_ANALYSIS = YES;
				CLANG_WARN_STRICT_PROTOTYPES = YES;
				CLANG_WARN_SUSPICIOUS_MOVE = YES;
				CLANG_WARN_UNGUARDED_AVAILABILITY = YES_AGGRESSIVE;
				CLANG_WARN_UNREACHABLE_CODE = YES;
				CLANG_WARN__DUPLICATE_METHOD_MATCH = YES;
				COPY_PHASE_STRIP = NO;
				DEBUG_INFORMATION_FORMAT = "dwarf-with-dsym";
				ENABLE_NS_ASSERTIONS = NO;
				ENABLE_STRICT_OBJC_MSGSEND = YES;
				ENABLE_USER_SCRIPT_SANDBOXING = YES;
				GCC_C_LANGUAGE_STANDARD = gnu17;
				GCC_NO_COMMON_BLOCKS = YES;
				GCC_WARN_64_TO_32_BIT_CONVERSION = YES;
				GCC_WARN_ABOUT_RETURN_TYPE = YES_ERROR;
				GCC_WARN_UNDECLARED_SELECTOR = YES;
				GCC_WARN_UNINITIALIZED_AUTOS = YES_AGGRESSIVE;
				GCC_WARN_UNUSED_FUNCTION = YES;
				GCC_WARN_UNUSED_VARIABLE = YES;
				IPHONEOS_DEPLOYMENT_TARGET = 17.0;
				LOCALIZATION_PREFERS_STRING_CATALOGS = YES;
				MTL_ENABLE_DEBUG_INFO = NO;
				MTL_FAST_MATH = YES;
				SDKROOT = iphoneos;
				SWIFT_COMPILATION_MODE = wholemodule;
				VALIDATE_PRODUCT = YES;
			};
			name = Release;
		};
		2882DBE92AEAC22700325932 /* Debug */ = {
			isa = XCBuildConfiguration;
			buildSettings = {
				ASSETCATALOG_COMPILER_APPICON_NAME = AppIcon;
				ASSETCATALOG_COMPILER_GLOBAL_ACCENT_COLOR_NAME = AccentColor;
				CODE_SIGN_STYLE = Automatic;
				CURRENT_PROJECT_VERSION = 1;
				DEVELOPMENT_TEAM = 9MUNMT98RZ;
				GENERATE_INFOPLIST_FILE = YES;
				INFOPLIST_FILE = EssentialApp/Info.plist;
				INFOPLIST_KEY_UIApplicationSupportsIndirectInputEvents = YES;
				INFOPLIST_KEY_UILaunchStoryboardName = LaunchScreen;
				INFOPLIST_KEY_UIMainStoryboardFile = Main;
				INFOPLIST_KEY_UISupportedInterfaceOrientations = UIInterfaceOrientationPortrait;
				LD_RUNPATH_SEARCH_PATHS = (
					"$(inherited)",
					"@executable_path/Frameworks",
				);
				MARKETING_VERSION = 1.0;
				PRODUCT_BUNDLE_IDENTIFIER = herrero.EssentialApp;
				PRODUCT_NAME = "$(TARGET_NAME)";
				SUPPORTED_PLATFORMS = "iphoneos iphonesimulator";
				SUPPORTS_MACCATALYST = NO;
				SUPPORTS_MAC_DESIGNED_FOR_IPHONE_IPAD = NO;
				SWIFT_EMIT_LOC_STRINGS = YES;
				SWIFT_VERSION = 5.0;
				TARGETED_DEVICE_FAMILY = "1,2";
			};
			name = Debug;
		};
		2882DBEA2AEAC22700325932 /* Release */ = {
			isa = XCBuildConfiguration;
			buildSettings = {
				ASSETCATALOG_COMPILER_APPICON_NAME = AppIcon;
				ASSETCATALOG_COMPILER_GLOBAL_ACCENT_COLOR_NAME = AccentColor;
				CODE_SIGN_STYLE = Automatic;
				CURRENT_PROJECT_VERSION = 1;
				DEVELOPMENT_TEAM = 9MUNMT98RZ;
				GENERATE_INFOPLIST_FILE = YES;
				INFOPLIST_FILE = EssentialApp/Info.plist;
				INFOPLIST_KEY_UIApplicationSupportsIndirectInputEvents = YES;
				INFOPLIST_KEY_UILaunchStoryboardName = LaunchScreen;
				INFOPLIST_KEY_UIMainStoryboardFile = Main;
				INFOPLIST_KEY_UISupportedInterfaceOrientations = UIInterfaceOrientationPortrait;
				LD_RUNPATH_SEARCH_PATHS = (
					"$(inherited)",
					"@executable_path/Frameworks",
				);
				MARKETING_VERSION = 1.0;
				PRODUCT_BUNDLE_IDENTIFIER = herrero.EssentialApp;
				PRODUCT_NAME = "$(TARGET_NAME)";
				SUPPORTED_PLATFORMS = "iphoneos iphonesimulator";
				SUPPORTS_MACCATALYST = NO;
				SUPPORTS_MAC_DESIGNED_FOR_IPHONE_IPAD = NO;
				SWIFT_EMIT_LOC_STRINGS = YES;
				SWIFT_VERSION = 5.0;
				TARGETED_DEVICE_FAMILY = "1,2";
			};
			name = Release;
		};
/* End XCBuildConfiguration section */

/* Begin XCConfigurationList section */
		280651DD2AEAEA3700635A2D /* Build configuration list for PBXNativeTarget "EssentialAppTests" */ = {
			isa = XCConfigurationList;
			buildConfigurations = (
				280651DE2AEAEA3700635A2D /* Debug */,
				280651DF2AEAEA3700635A2D /* Release */,
			);
			defaultConfigurationIsVisible = 0;
			defaultConfigurationName = Release;
		};
		2882DBCF2AEAC22500325932 /* Build configuration list for PBXProject "EssentialApp" */ = {
			isa = XCConfigurationList;
			buildConfigurations = (
				2882DBE62AEAC22700325932 /* Debug */,
				2882DBE72AEAC22700325932 /* Release */,
			);
			defaultConfigurationIsVisible = 0;
			defaultConfigurationName = Release;
		};
		2882DBE82AEAC22700325932 /* Build configuration list for PBXNativeTarget "EssentialApp" */ = {
			isa = XCConfigurationList;
			buildConfigurations = (
				2882DBE92AEAC22700325932 /* Debug */,
				2882DBEA2AEAC22700325932 /* Release */,
			);
			defaultConfigurationIsVisible = 0;
			defaultConfigurationName = Release;
		};
/* End XCConfigurationList section */
	};
	rootObject = 2882DBCC2AEAC22500325932 /* Project object */;
}
